
Microsoft Visual Studio Solution File, Format Version 12.00
# Visual Studio 2012
Project("{FAE04EC0-301F-11D3-BF4B-00C04F79EFBC}") = "CotcSdk", "CotcSdk.csproj", "{BDD85764-D606-4F8F-AEA8-8B5D52EB9D38}"
EndProject
Project("{FAE04EC0-301F-11D3-BF4B-00C04F79EFBC}") = "CotcSdk-Editor", "CotcSdk-Editor\CotcSdk-Editor.csproj", "{CB7CA499-F657-4EF4-9543-8192E748D979}"
EndProject
Global
	GlobalSection(SolutionConfigurationPlatforms) = preSolution
		Debug|Any CPU = Debug|Any CPU
		Release|Any CPU = Release|Any CPU
	EndGlobalSection
	GlobalSection(ProjectConfigurationPlatforms) = postSolution
		{BDD85764-D606-4F8F-AEA8-8B5D52EB9D38}.Debug|Any CPU.ActiveCfg = Debug|Any CPU
		{BDD85764-D606-4F8F-AEA8-8B5D52EB9D38}.Debug|Any CPU.Build.0 = Debug|Any CPU
		{BDD85764-D606-4F8F-AEA8-8B5D52EB9D38}.Release|Any CPU.ActiveCfg = Release|Any CPU
		{BDD85764-D606-4F8F-AEA8-8B5D52EB9D38}.Release|Any CPU.Build.0 = Release|Any CPU
		{CB7CA499-F657-4EF4-9543-8192E748D979}.Debug|Any CPU.ActiveCfg = Debug|Any CPU
		{CB7CA499-F657-4EF4-9543-8192E748D979}.Debug|Any CPU.Build.0 = Debug|Any CPU
		{CB7CA499-F657-4EF4-9543-8192E748D979}.Release|Any CPU.ActiveCfg = Release|Any CPU
		{CB7CA499-F657-4EF4-9543-8192E748D979}.Release|Any CPU.Build.0 = Release|Any CPU
	EndGlobalSection
	GlobalSection(MonoDevelopProperties) = preSolution
		StartupItem = CotcSdk.csproj
	EndGlobalSection
	GlobalSection(SolutionProperties) = preSolution
		HideSolutionNode = FALSE
	EndGlobalSection
EndGlobal
