
Microsoft Visual Studio Solution File, Format Version 12.00
# Visual Studio 14
VisualStudioVersion = 14.0.25420.1
MinimumVisualStudioVersion = 10.0.40219.1
Project("{FAE04EC0-301F-11D3-BF4B-00C04F79EFBC}") = "CotcSdk", "CotcSdk.csproj", "{BDD85764-D606-4F8F-AEA8-8B5D52EB9D38}"
EndProject
Project("{FAE04EC0-301F-11D3-BF4B-00C04F79EFBC}") = "CotcSdk-Editor", "CotcSdk-Editor\CotcSdk-Editor.csproj", "{CB7CA499-F657-4EF4-9543-8192E748D979}"
EndProject
Project("{FAE04EC0-301F-11D3-BF4B-00C04F79EFBC}") = "CotcSdk-UniversalWindows", "CotcSdk-UniversalWindows\CotcSdk-UniversalWindows.csproj", "{2E7BC516-5921-4AC9-B957-15C24D5BA27B}"
EndProject
Global
	GlobalSection(SolutionConfigurationPlatforms) = preSolution
		Debug-Unity-2017|Any CPU = Debug-Unity-2017|Any CPU
		Debug-Unity-2017|ARM = Debug-Unity-2017|ARM
		Debug-Unity-2017|x64 = Debug-Unity-2017|x64
		Debug-Unity-2017|x86 = Debug-Unity-2017|x86
		Debug-Unity-2018|Any CPU = Debug-Unity-2018|Any CPU
		Debug-Unity-2018|ARM = Debug-Unity-2018|ARM
		Debug-Unity-2018|x64 = Debug-Unity-2018|x64
		Debug-Unity-2018|x86 = Debug-Unity-2018|x86
		Debug-Unity-5|Any CPU = Debug-Unity-5|Any CPU
		Debug-Unity-5|ARM = Debug-Unity-5|ARM
		Debug-Unity-5|x64 = Debug-Unity-5|x64
		Debug-Unity-5|x86 = Debug-Unity-5|x86
		Release-Unity-2017|Any CPU = Release-Unity-2017|Any CPU
		Release-Unity-2017|ARM = Release-Unity-2017|ARM
		Release-Unity-2017|x64 = Release-Unity-2017|x64
		Release-Unity-2017|x86 = Release-Unity-2017|x86
		Release-Unity-2018|Any CPU = Release-Unity-2018|Any CPU
		Release-Unity-2018|ARM = Release-Unity-2018|ARM
		Release-Unity-2018|x64 = Release-Unity-2018|x64
		Release-Unity-2018|x86 = Release-Unity-2018|x86
		Release-Unity-5|Any CPU = Release-Unity-5|Any CPU
		Release-Unity-5|ARM = Release-Unity-5|ARM
		Release-Unity-5|x64 = Release-Unity-5|x64
		Release-Unity-5|x86 = Release-Unity-5|x86
	EndGlobalSection
	GlobalSection(ProjectConfigurationPlatforms) = postSolution
		{BDD85764-D606-4F8F-AEA8-8B5D52EB9D38}.Debug-Unity-2017|Any CPU.ActiveCfg = Debug-Unity-2017|Any CPU
		{BDD85764-D606-4F8F-AEA8-8B5D52EB9D38}.Debug-Unity-2017|Any CPU.Build.0 = Debug-Unity-2017|Any CPU
		{BDD85764-D606-4F8F-AEA8-8B5D52EB9D38}.Debug-Unity-2017|ARM.ActiveCfg = Debug-Unity-2017|Any CPU
		{BDD85764-D606-4F8F-AEA8-8B5D52EB9D38}.Debug-Unity-2017|ARM.Build.0 = Debug-Unity-2017|Any CPU
		{BDD85764-D606-4F8F-AEA8-8B5D52EB9D38}.Debug-Unity-2017|x64.ActiveCfg = Debug-Unity-2017|Any CPU
		{BDD85764-D606-4F8F-AEA8-8B5D52EB9D38}.Debug-Unity-2017|x64.Build.0 = Debug-Unity-2017|Any CPU
		{BDD85764-D606-4F8F-AEA8-8B5D52EB9D38}.Debug-Unity-2017|x86.ActiveCfg = Debug-Unity-2017|Any CPU
		{BDD85764-D606-4F8F-AEA8-8B5D52EB9D38}.Debug-Unity-2017|x86.Build.0 = Debug-Unity-2017|Any CPU
		{BDD85764-D606-4F8F-AEA8-8B5D52EB9D38}.Debug-Unity-2018|Any CPU.ActiveCfg = Debug-Unity-2018|Any CPU
		{BDD85764-D606-4F8F-AEA8-8B5D52EB9D38}.Debug-Unity-2018|Any CPU.Build.0 = Debug-Unity-2018|Any CPU
		{BDD85764-D606-4F8F-AEA8-8B5D52EB9D38}.Debug-Unity-2018|ARM.ActiveCfg = Debug-Unity-2018|Any CPU
		{BDD85764-D606-4F8F-AEA8-8B5D52EB9D38}.Debug-Unity-2018|ARM.Build.0 = Debug-Unity-2018|Any CPU
		{BDD85764-D606-4F8F-AEA8-8B5D52EB9D38}.Debug-Unity-2018|x64.ActiveCfg = Debug-Unity-2018|Any CPU
		{BDD85764-D606-4F8F-AEA8-8B5D52EB9D38}.Debug-Unity-2018|x64.Build.0 = Debug-Unity-2018|Any CPU
		{BDD85764-D606-4F8F-AEA8-8B5D52EB9D38}.Debug-Unity-2018|x86.ActiveCfg = Debug-Unity-2018|Any CPU
		{BDD85764-D606-4F8F-AEA8-8B5D52EB9D38}.Debug-Unity-2018|x86.Build.0 = Debug-Unity-2018|Any CPU
		{BDD85764-D606-4F8F-AEA8-8B5D52EB9D38}.Debug-Unity-5|Any CPU.ActiveCfg = Debug-Unity-5|Any CPU
		{BDD85764-D606-4F8F-AEA8-8B5D52EB9D38}.Debug-Unity-5|Any CPU.Build.0 = Debug-Unity-5|Any CPU
		{BDD85764-D606-4F8F-AEA8-8B5D52EB9D38}.Debug-Unity-5|ARM.ActiveCfg = Debug-Unity-5|Any CPU
		{BDD85764-D606-4F8F-AEA8-8B5D52EB9D38}.Debug-Unity-5|ARM.Build.0 = Debug-Unity-5|Any CPU
		{BDD85764-D606-4F8F-AEA8-8B5D52EB9D38}.Debug-Unity-5|x64.ActiveCfg = Debug-Unity-5|Any CPU
		{BDD85764-D606-4F8F-AEA8-8B5D52EB9D38}.Debug-Unity-5|x64.Build.0 = Debug-Unity-5|Any CPU
		{BDD85764-D606-4F8F-AEA8-8B5D52EB9D38}.Debug-Unity-5|x86.ActiveCfg = Debug-Unity-5|Any CPU
		{BDD85764-D606-4F8F-AEA8-8B5D52EB9D38}.Debug-Unity-5|x86.Build.0 = Debug-Unity-5|Any CPU
		{BDD85764-D606-4F8F-AEA8-8B5D52EB9D38}.Release-Unity-2017|Any CPU.ActiveCfg = Release-Unity-2017|Any CPU
		{BDD85764-D606-4F8F-AEA8-8B5D52EB9D38}.Release-Unity-2017|Any CPU.Build.0 = Release-Unity-2017|Any CPU
		{BDD85764-D606-4F8F-AEA8-8B5D52EB9D38}.Release-Unity-2017|ARM.ActiveCfg = Release-Unity-2017|Any CPU
		{BDD85764-D606-4F8F-AEA8-8B5D52EB9D38}.Release-Unity-2017|ARM.Build.0 = Release-Unity-2017|Any CPU
		{BDD85764-D606-4F8F-AEA8-8B5D52EB9D38}.Release-Unity-2017|x64.ActiveCfg = Release-Unity-2017|Any CPU
		{BDD85764-D606-4F8F-AEA8-8B5D52EB9D38}.Release-Unity-2017|x64.Build.0 = Release-Unity-2017|Any CPU
		{BDD85764-D606-4F8F-AEA8-8B5D52EB9D38}.Release-Unity-2017|x86.ActiveCfg = Release-Unity-2017|Any CPU
		{BDD85764-D606-4F8F-AEA8-8B5D52EB9D38}.Release-Unity-2017|x86.Build.0 = Release-Unity-2017|Any CPU
		{BDD85764-D606-4F8F-AEA8-8B5D52EB9D38}.Release-Unity-2018|Any CPU.ActiveCfg = Release-Unity-2018|Any CPU
		{BDD85764-D606-4F8F-AEA8-8B5D52EB9D38}.Release-Unity-2018|Any CPU.Build.0 = Release-Unity-2018|Any CPU
		{BDD85764-D606-4F8F-AEA8-8B5D52EB9D38}.Release-Unity-2018|ARM.ActiveCfg = Release-Unity-2018|Any CPU
		{BDD85764-D606-4F8F-AEA8-8B5D52EB9D38}.Release-Unity-2018|ARM.Build.0 = Release-Unity-2018|Any CPU
		{BDD85764-D606-4F8F-AEA8-8B5D52EB9D38}.Release-Unity-2018|x64.ActiveCfg = Release-Unity-2018|Any CPU
		{BDD85764-D606-4F8F-AEA8-8B5D52EB9D38}.Release-Unity-2018|x64.Build.0 = Release-Unity-2018|Any CPU
		{BDD85764-D606-4F8F-AEA8-8B5D52EB9D38}.Release-Unity-2018|x86.ActiveCfg = Release-Unity-2018|Any CPU
		{BDD85764-D606-4F8F-AEA8-8B5D52EB9D38}.Release-Unity-2018|x86.Build.0 = Release-Unity-2018|Any CPU
		{BDD85764-D606-4F8F-AEA8-8B5D52EB9D38}.Release-Unity-5|Any CPU.ActiveCfg = Release-Unity-5|Any CPU
		{BDD85764-D606-4F8F-AEA8-8B5D52EB9D38}.Release-Unity-5|Any CPU.Build.0 = Release-Unity-5|Any CPU
		{BDD85764-D606-4F8F-AEA8-8B5D52EB9D38}.Release-Unity-5|ARM.ActiveCfg = Release-Unity-5|Any CPU
		{BDD85764-D606-4F8F-AEA8-8B5D52EB9D38}.Release-Unity-5|ARM.Build.0 = Release-Unity-5|Any CPU
		{BDD85764-D606-4F8F-AEA8-8B5D52EB9D38}.Release-Unity-5|x64.ActiveCfg = Release-Unity-5|Any CPU
		{BDD85764-D606-4F8F-AEA8-8B5D52EB9D38}.Release-Unity-5|x64.Build.0 = Release-Unity-5|Any CPU
		{BDD85764-D606-4F8F-AEA8-8B5D52EB9D38}.Release-Unity-5|x86.ActiveCfg = Release-Unity-5|Any CPU
		{BDD85764-D606-4F8F-AEA8-8B5D52EB9D38}.Release-Unity-5|x86.Build.0 = Release-Unity-5|Any CPU
		{CB7CA499-F657-4EF4-9543-8192E748D979}.Debug-Unity-2017|Any CPU.ActiveCfg = Debug-Unity-2017|Any CPU
		{CB7CA499-F657-4EF4-9543-8192E748D979}.Debug-Unity-2017|Any CPU.Build.0 = Debug-Unity-2017|Any CPU
		{CB7CA499-F657-4EF4-9543-8192E748D979}.Debug-Unity-2017|ARM.ActiveCfg = Debug-Unity-2017|Any CPU
		{CB7CA499-F657-4EF4-9543-8192E748D979}.Debug-Unity-2017|ARM.Build.0 = Debug-Unity-2017|Any CPU
		{CB7CA499-F657-4EF4-9543-8192E748D979}.Debug-Unity-2017|x64.ActiveCfg = Debug-Unity-2017|Any CPU
		{CB7CA499-F657-4EF4-9543-8192E748D979}.Debug-Unity-2017|x64.Build.0 = Debug-Unity-2017|Any CPU
		{CB7CA499-F657-4EF4-9543-8192E748D979}.Debug-Unity-2017|x86.ActiveCfg = Debug-Unity-2017|Any CPU
		{CB7CA499-F657-4EF4-9543-8192E748D979}.Debug-Unity-2017|x86.Build.0 = Debug-Unity-2017|Any CPU
		{CB7CA499-F657-4EF4-9543-8192E748D979}.Debug-Unity-2018|Any CPU.ActiveCfg = Debug-Unity-2018|Any CPU
		{CB7CA499-F657-4EF4-9543-8192E748D979}.Debug-Unity-2018|Any CPU.Build.0 = Debug-Unity-2018|Any CPU
		{CB7CA499-F657-4EF4-9543-8192E748D979}.Debug-Unity-2018|ARM.ActiveCfg = Debug-Unity-2018|Any CPU
		{CB7CA499-F657-4EF4-9543-8192E748D979}.Debug-Unity-2018|ARM.Build.0 = Debug-Unity-2018|Any CPU
		{CB7CA499-F657-4EF4-9543-8192E748D979}.Debug-Unity-2018|x64.ActiveCfg = Debug-Unity-2018|Any CPU
		{CB7CA499-F657-4EF4-9543-8192E748D979}.Debug-Unity-2018|x64.Build.0 = Debug-Unity-2018|Any CPU
		{CB7CA499-F657-4EF4-9543-8192E748D979}.Debug-Unity-2018|x86.ActiveCfg = Debug-Unity-2018|Any CPU
		{CB7CA499-F657-4EF4-9543-8192E748D979}.Debug-Unity-2018|x86.Build.0 = Debug-Unity-2018|Any CPU
		{CB7CA499-F657-4EF4-9543-8192E748D979}.Debug-Unity-5|Any CPU.ActiveCfg = Debug-Unity-5|Any CPU
		{CB7CA499-F657-4EF4-9543-8192E748D979}.Debug-Unity-5|Any CPU.Build.0 = Debug-Unity-5|Any CPU
		{CB7CA499-F657-4EF4-9543-8192E748D979}.Debug-Unity-5|ARM.ActiveCfg = Debug-Unity-5|Any CPU
		{CB7CA499-F657-4EF4-9543-8192E748D979}.Debug-Unity-5|ARM.Build.0 = Debug-Unity-5|Any CPU
		{CB7CA499-F657-4EF4-9543-8192E748D979}.Debug-Unity-5|x64.ActiveCfg = Debug-Unity-5|Any CPU
		{CB7CA499-F657-4EF4-9543-8192E748D979}.Debug-Unity-5|x64.Build.0 = Debug-Unity-5|Any CPU
		{CB7CA499-F657-4EF4-9543-8192E748D979}.Debug-Unity-5|x86.ActiveCfg = Debug-Unity-5|Any CPU
		{CB7CA499-F657-4EF4-9543-8192E748D979}.Debug-Unity-5|x86.Build.0 = Debug-Unity-5|Any CPU
		{CB7CA499-F657-4EF4-9543-8192E748D979}.Release-Unity-2017|Any CPU.ActiveCfg = Release-Unity-2017|Any CPU
		{CB7CA499-F657-4EF4-9543-8192E748D979}.Release-Unity-2017|Any CPU.Build.0 = Release-Unity-2017|Any CPU
		{CB7CA499-F657-4EF4-9543-8192E748D979}.Release-Unity-2017|ARM.ActiveCfg = Release-Unity-2017|Any CPU
		{CB7CA499-F657-4EF4-9543-8192E748D979}.Release-Unity-2017|ARM.Build.0 = Release-Unity-2017|Any CPU
		{CB7CA499-F657-4EF4-9543-8192E748D979}.Release-Unity-2017|x64.ActiveCfg = Release-Unity-2017|Any CPU
		{CB7CA499-F657-4EF4-9543-8192E748D979}.Release-Unity-2017|x64.Build.0 = Release-Unity-2017|Any CPU
		{CB7CA499-F657-4EF4-9543-8192E748D979}.Release-Unity-2017|x86.ActiveCfg = Release-Unity-2017|Any CPU
		{CB7CA499-F657-4EF4-9543-8192E748D979}.Release-Unity-2017|x86.Build.0 = Release-Unity-2017|Any CPU
		{CB7CA499-F657-4EF4-9543-8192E748D979}.Release-Unity-2018|Any CPU.ActiveCfg = Release-Unity-2018|Any CPU
		{CB7CA499-F657-4EF4-9543-8192E748D979}.Release-Unity-2018|Any CPU.Build.0 = Release-Unity-2018|Any CPU
		{CB7CA499-F657-4EF4-9543-8192E748D979}.Release-Unity-2018|ARM.ActiveCfg = Release-Unity-2018|Any CPU
		{CB7CA499-F657-4EF4-9543-8192E748D979}.Release-Unity-2018|ARM.Build.0 = Release-Unity-2018|Any CPU
		{CB7CA499-F657-4EF4-9543-8192E748D979}.Release-Unity-2018|x64.ActiveCfg = Release-Unity-2018|Any CPU
		{CB7CA499-F657-4EF4-9543-8192E748D979}.Release-Unity-2018|x64.Build.0 = Release-Unity-2018|Any CPU
		{CB7CA499-F657-4EF4-9543-8192E748D979}.Release-Unity-2018|x86.ActiveCfg = Release-Unity-2018|Any CPU
		{CB7CA499-F657-4EF4-9543-8192E748D979}.Release-Unity-2018|x86.Build.0 = Release-Unity-2018|Any CPU
		{CB7CA499-F657-4EF4-9543-8192E748D979}.Release-Unity-5|Any CPU.ActiveCfg = Release-Unity-5|Any CPU
		{CB7CA499-F657-4EF4-9543-8192E748D979}.Release-Unity-5|Any CPU.Build.0 = Release-Unity-5|Any CPU
		{CB7CA499-F657-4EF4-9543-8192E748D979}.Release-Unity-5|ARM.ActiveCfg = Release-Unity-5|Any CPU
		{CB7CA499-F657-4EF4-9543-8192E748D979}.Release-Unity-5|ARM.Build.0 = Release-Unity-5|Any CPU
		{CB7CA499-F657-4EF4-9543-8192E748D979}.Release-Unity-5|x64.ActiveCfg = Release-Unity-5|Any CPU
		{CB7CA499-F657-4EF4-9543-8192E748D979}.Release-Unity-5|x64.Build.0 = Release-Unity-5|Any CPU
		{CB7CA499-F657-4EF4-9543-8192E748D979}.Release-Unity-5|x86.ActiveCfg = Release-Unity-5|Any CPU
		{CB7CA499-F657-4EF4-9543-8192E748D979}.Release-Unity-5|x86.Build.0 = Release-Unity-5|Any CPU
		{2E7BC516-5921-4AC9-B957-15C24D5BA27B}.Debug-Unity-2017|Any CPU.ActiveCfg = Debug-Unity-2017|Any CPU
		{2E7BC516-5921-4AC9-B957-15C24D5BA27B}.Debug-Unity-2017|Any CPU.Build.0 = Debug-Unity-2017|Any CPU
		{2E7BC516-5921-4AC9-B957-15C24D5BA27B}.Debug-Unity-2017|ARM.ActiveCfg = Debug-Unity-2017|ARM
		{2E7BC516-5921-4AC9-B957-15C24D5BA27B}.Debug-Unity-2017|ARM.Build.0 = Debug-Unity-2017|ARM
		{2E7BC516-5921-4AC9-B957-15C24D5BA27B}.Debug-Unity-2017|x64.ActiveCfg = Debug-Unity-2017|x64
		{2E7BC516-5921-4AC9-B957-15C24D5BA27B}.Debug-Unity-2017|x64.Build.0 = Debug-Unity-2017|x64
		{2E7BC516-5921-4AC9-B957-15C24D5BA27B}.Debug-Unity-2017|x86.ActiveCfg = Debug-Unity-2017|x86
		{2E7BC516-5921-4AC9-B957-15C24D5BA27B}.Debug-Unity-2017|x86.Build.0 = Debug-Unity-2017|x86
		{2E7BC516-5921-4AC9-B957-15C24D5BA27B}.Debug-Unity-2018|Any CPU.ActiveCfg = Debug-Unity-2018|Any CPU
		{2E7BC516-5921-4AC9-B957-15C24D5BA27B}.Debug-Unity-2018|Any CPU.Build.0 = Debug-Unity-2018|Any CPU
		{2E7BC516-5921-4AC9-B957-15C24D5BA27B}.Debug-Unity-2018|ARM.ActiveCfg = Debug-Unity-2018|ARM
		{2E7BC516-5921-4AC9-B957-15C24D5BA27B}.Debug-Unity-2018|ARM.Build.0 = Debug-Unity-2018|ARM
		{2E7BC516-5921-4AC9-B957-15C24D5BA27B}.Debug-Unity-2018|x64.ActiveCfg = Debug-Unity-2018|x64
		{2E7BC516-5921-4AC9-B957-15C24D5BA27B}.Debug-Unity-2018|x64.Build.0 = Debug-Unity-2018|x64
		{2E7BC516-5921-4AC9-B957-15C24D5BA27B}.Debug-Unity-2018|x86.ActiveCfg = Debug-Unity-2018|x86
		{2E7BC516-5921-4AC9-B957-15C24D5BA27B}.Debug-Unity-2018|x86.Build.0 = Debug-Unity-2018|x86
		{2E7BC516-5921-4AC9-B957-15C24D5BA27B}.Debug-Unity-5|Any CPU.ActiveCfg = Debug-Unity-5|Any CPU
		{2E7BC516-5921-4AC9-B957-15C24D5BA27B}.Debug-Unity-5|Any CPU.Build.0 = Debug-Unity-5|Any CPU
		{2E7BC516-5921-4AC9-B957-15C24D5BA27B}.Debug-Unity-5|ARM.ActiveCfg = Debug-Unity-5|ARM
		{2E7BC516-5921-4AC9-B957-15C24D5BA27B}.Debug-Unity-5|ARM.Build.0 = Debug-Unity-5|ARM
		{2E7BC516-5921-4AC9-B957-15C24D5BA27B}.Debug-Unity-5|x64.ActiveCfg = Debug-Unity-5|x64
		{2E7BC516-5921-4AC9-B957-15C24D5BA27B}.Debug-Unity-5|x64.Build.0 = Debug-Unity-5|x64
		{2E7BC516-5921-4AC9-B957-15C24D5BA27B}.Debug-Unity-5|x86.ActiveCfg = Debug-Unity-5|x86
		{2E7BC516-5921-4AC9-B957-15C24D5BA27B}.Debug-Unity-5|x86.Build.0 = Debug-Unity-5|x86
		{2E7BC516-5921-4AC9-B957-15C24D5BA27B}.Release-Unity-2017|Any CPU.ActiveCfg = Release-Unity-2017|Any CPU
		{2E7BC516-5921-4AC9-B957-15C24D5BA27B}.Release-Unity-2017|Any CPU.Build.0 = Release-Unity-2017|Any CPU
		{2E7BC516-5921-4AC9-B957-15C24D5BA27B}.Release-Unity-2017|ARM.ActiveCfg = Release-Unity-2017|ARM
		{2E7BC516-5921-4AC9-B957-15C24D5BA27B}.Release-Unity-2017|ARM.Build.0 = Release-Unity-2017|ARM
		{2E7BC516-5921-4AC9-B957-15C24D5BA27B}.Release-Unity-2017|x64.ActiveCfg = Release-Unity-2017|x64
		{2E7BC516-5921-4AC9-B957-15C24D5BA27B}.Release-Unity-2017|x64.Build.0 = Release-Unity-2017|x64
		{2E7BC516-5921-4AC9-B957-15C24D5BA27B}.Release-Unity-2017|x86.ActiveCfg = Release-Unity-2017|x86
		{2E7BC516-5921-4AC9-B957-15C24D5BA27B}.Release-Unity-2017|x86.Build.0 = Release-Unity-2017|x86
		{2E7BC516-5921-4AC9-B957-15C24D5BA27B}.Release-Unity-2018|Any CPU.ActiveCfg = Release-Unity-2018|Any CPU
		{2E7BC516-5921-4AC9-B957-15C24D5BA27B}.Release-Unity-2018|Any CPU.Build.0 = Release-Unity-2018|Any CPU
		{2E7BC516-5921-4AC9-B957-15C24D5BA27B}.Release-Unity-2018|ARM.ActiveCfg = Release-Unity-2018|ARM
		{2E7BC516-5921-4AC9-B957-15C24D5BA27B}.Release-Unity-2018|ARM.Build.0 = Release-Unity-2018|ARM
		{2E7BC516-5921-4AC9-B957-15C24D5BA27B}.Release-Unity-2018|x64.ActiveCfg = Release-Unity-2018|x64
		{2E7BC516-5921-4AC9-B957-15C24D5BA27B}.Release-Unity-2018|x64.Build.0 = Release-Unity-2018|x64
		{2E7BC516-5921-4AC9-B957-15C24D5BA27B}.Release-Unity-2018|x86.ActiveCfg = Release-Unity-2018|x86
		{2E7BC516-5921-4AC9-B957-15C24D5BA27B}.Release-Unity-2018|x86.Build.0 = Release-Unity-2018|x86
		{2E7BC516-5921-4AC9-B957-15C24D5BA27B}.Release-Unity-5|Any CPU.ActiveCfg = Release-Unity-5|Any CPU
		{2E7BC516-5921-4AC9-B957-15C24D5BA27B}.Release-Unity-5|Any CPU.Build.0 = Release-Unity-5|Any CPU
		{2E7BC516-5921-4AC9-B957-15C24D5BA27B}.Release-Unity-5|ARM.ActiveCfg = Release-Unity-5|ARM
		{2E7BC516-5921-4AC9-B957-15C24D5BA27B}.Release-Unity-5|ARM.Build.0 = Release-Unity-5|ARM
		{2E7BC516-5921-4AC9-B957-15C24D5BA27B}.Release-Unity-5|x64.ActiveCfg = Release-Unity-5|x64
		{2E7BC516-5921-4AC9-B957-15C24D5BA27B}.Release-Unity-5|x64.Build.0 = Release-Unity-5|x64
		{2E7BC516-5921-4AC9-B957-15C24D5BA27B}.Release-Unity-5|x86.ActiveCfg = Release-Unity-5|x86
		{2E7BC516-5921-4AC9-B957-15C24D5BA27B}.Release-Unity-5|x86.Build.0 = Release-Unity-5|x86
	EndGlobalSection
	GlobalSection(SolutionProperties) = preSolution
		HideSolutionNode = FALSE
	EndGlobalSection
	GlobalSection(MonoDevelopProperties) = preSolution
		StartupItem = CotcSdk.csproj
	EndGlobalSection
EndGlobal
