
Microsoft Visual Studio Solution File, Format Version 12.00
# Visual Studio Version 16
VisualStudioVersion = 16.0.31321.278
MinimumVisualStudioVersion = 10.0.40219.1
Project("{FAE04EC0-301F-11D3-BF4B-00C04F79EFBC}") = "CotcSdk", "CotcSdk.csproj", "{20A4C2C0-1DA3-4156-820B-1463AF793488}"
EndProject
Project("{FAE04EC0-301F-11D3-BF4B-00C04F79EFBC}") = "CotcSdk-Editor", "CotcSdk-Editor\CotcSdk-Editor.csproj", "{751ED055-AA55-4702-B29D-B69E0F3A1C5B}"
EndProject
Project("{FAE04EC0-301F-11D3-BF4B-00C04F79EFBC}") = "CotcSdk-UniversalWindows", "CotcSdk-UniversalWindows\CotcSdk-UniversalWindows.csproj", "{2FBF9DEB-20A0-4A92-9674-1B34CE33E85A}"
EndProject
Global
	GlobalSection(SolutionConfigurationPlatforms) = preSolution
		Debug|Any CPU = Debug|Any CPU
		Debug|ARM = Debug|ARM
		Debug|ARM64 = Debug|ARM64
		Debug|x64 = Debug|x64
		Debug|x86 = Debug|x86
		Release|Any CPU = Release|Any CPU
		Release|ARM = Release|ARM
		Release|ARM64 = Release|ARM64
		Release|x64 = Release|x64
		Release|x86 = Release|x86
	EndGlobalSection
	GlobalSection(ProjectConfigurationPlatforms) = postSolution
		{20A4C2C0-1DA3-4156-820B-1463AF793488}.Debug|Any CPU.ActiveCfg = Debug|Any CPU
		{20A4C2C0-1DA3-4156-820B-1463AF793488}.Debug|Any CPU.Build.0 = Debug|Any CPU
		{20A4C2C0-1DA3-4156-820B-1463AF793488}.Debug|ARM.ActiveCfg = Debug|Any CPU
		{20A4C2C0-1DA3-4156-820B-1463AF793488}.Debug|ARM.Build.0 = Debug|Any CPU
		{20A4C2C0-1DA3-4156-820B-1463AF793488}.Debug|ARM64.ActiveCfg = Debug|Any CPU
		{20A4C2C0-1DA3-4156-820B-1463AF793488}.Debug|ARM64.Build.0 = Debug|Any CPU
		{20A4C2C0-1DA3-4156-820B-1463AF793488}.Debug|x64.ActiveCfg = Debug|Any CPU
		{20A4C2C0-1DA3-4156-820B-1463AF793488}.Debug|x64.Build.0 = Debug|Any CPU
		{20A4C2C0-1DA3-4156-820B-1463AF793488}.Debug|x86.ActiveCfg = Debug|Any CPU
		{20A4C2C0-1DA3-4156-820B-1463AF793488}.Debug|x86.Build.0 = Debug|Any CPU
		{20A4C2C0-1DA3-4156-820B-1463AF793488}.Release|Any CPU.ActiveCfg = Release|Any CPU
		{20A4C2C0-1DA3-4156-820B-1463AF793488}.Release|Any CPU.Build.0 = Release|Any CPU
		{20A4C2C0-1DA3-4156-820B-1463AF793488}.Release|ARM.ActiveCfg = Release|Any CPU
		{20A4C2C0-1DA3-4156-820B-1463AF793488}.Release|ARM.Build.0 = Release|Any CPU
		{20A4C2C0-1DA3-4156-820B-1463AF793488}.Release|ARM64.ActiveCfg = Release|Any CPU
		{20A4C2C0-1DA3-4156-820B-1463AF793488}.Release|ARM64.Build.0 = Release|Any CPU
		{20A4C2C0-1DA3-4156-820B-1463AF793488}.Release|x64.ActiveCfg = Release|Any CPU
		{20A4C2C0-1DA3-4156-820B-1463AF793488}.Release|x64.Build.0 = Release|Any CPU
		{20A4C2C0-1DA3-4156-820B-1463AF793488}.Release|x86.ActiveCfg = Release|Any CPU
		{20A4C2C0-1DA3-4156-820B-1463AF793488}.Release|x86.Build.0 = Release|Any CPU
		{751ED055-AA55-4702-B29D-B69E0F3A1C5B}.Debug|Any CPU.ActiveCfg = Debug|Any CPU
		{751ED055-AA55-4702-B29D-B69E0F3A1C5B}.Debug|Any CPU.Build.0 = Debug|Any CPU
		{751ED055-AA55-4702-B29D-B69E0F3A1C5B}.Debug|ARM.ActiveCfg = Debug|Any CPU
		{751ED055-AA55-4702-B29D-B69E0F3A1C5B}.Debug|ARM.Build.0 = Debug|Any CPU
		{751ED055-AA55-4702-B29D-B69E0F3A1C5B}.Debug|ARM64.ActiveCfg = Debug|Any CPU
		{751ED055-AA55-4702-B29D-B69E0F3A1C5B}.Debug|ARM64.Build.0 = Debug|Any CPU
		{751ED055-AA55-4702-B29D-B69E0F3A1C5B}.Debug|x64.ActiveCfg = Debug|Any CPU
		{751ED055-AA55-4702-B29D-B69E0F3A1C5B}.Debug|x64.Build.0 = Debug|Any CPU
		{751ED055-AA55-4702-B29D-B69E0F3A1C5B}.Debug|x86.ActiveCfg = Debug|Any CPU
		{751ED055-AA55-4702-B29D-B69E0F3A1C5B}.Debug|x86.Build.0 = Debug|Any CPU
		{751ED055-AA55-4702-B29D-B69E0F3A1C5B}.Release|Any CPU.ActiveCfg = Release|Any CPU
		{751ED055-AA55-4702-B29D-B69E0F3A1C5B}.Release|Any CPU.Build.0 = Release|Any CPU
		{751ED055-AA55-4702-B29D-B69E0F3A1C5B}.Release|ARM.ActiveCfg = Release|Any CPU
		{751ED055-AA55-4702-B29D-B69E0F3A1C5B}.Release|ARM.Build.0 = Release|Any CPU
		{751ED055-AA55-4702-B29D-B69E0F3A1C5B}.Release|ARM64.ActiveCfg = Release|Any CPU
		{751ED055-AA55-4702-B29D-B69E0F3A1C5B}.Release|ARM64.Build.0 = Release|Any CPU
		{751ED055-AA55-4702-B29D-B69E0F3A1C5B}.Release|x64.ActiveCfg = Release|Any CPU
		{751ED055-AA55-4702-B29D-B69E0F3A1C5B}.Release|x64.Build.0 = Release|Any CPU
		{751ED055-AA55-4702-B29D-B69E0F3A1C5B}.Release|x86.ActiveCfg = Release|Any CPU
		{751ED055-AA55-4702-B29D-B69E0F3A1C5B}.Release|x86.Build.0 = Release|Any CPU
		{2FBF9DEB-20A0-4A92-9674-1B34CE33E85A}.Debug|Any CPU.ActiveCfg = Debug|Any CPU
		{2FBF9DEB-20A0-4A92-9674-1B34CE33E85A}.Debug|Any CPU.Build.0 = Debug|Any CPU
		{2FBF9DEB-20A0-4A92-9674-1B34CE33E85A}.Debug|ARM.ActiveCfg = Debug|ARM
		{2FBF9DEB-20A0-4A92-9674-1B34CE33E85A}.Debug|ARM.Build.0 = Debug|ARM
		{2FBF9DEB-20A0-4A92-9674-1B34CE33E85A}.Debug|ARM64.ActiveCfg = Debug|ARM64
		{2FBF9DEB-20A0-4A92-9674-1B34CE33E85A}.Debug|ARM64.Build.0 = Debug|ARM64
		{2FBF9DEB-20A0-4A92-9674-1B34CE33E85A}.Debug|x64.ActiveCfg = Debug|x64
		{2FBF9DEB-20A0-4A92-9674-1B34CE33E85A}.Debug|x64.Build.0 = Debug|x64
		{2FBF9DEB-20A0-4A92-9674-1B34CE33E85A}.Debug|x86.ActiveCfg = Debug|x86
		{2FBF9DEB-20A0-4A92-9674-1B34CE33E85A}.Debug|x86.Build.0 = Debug|x86
		{2FBF9DEB-20A0-4A92-9674-1B34CE33E85A}.Release|Any CPU.ActiveCfg = Release|Any CPU
		{2FBF9DEB-20A0-4A92-9674-1B34CE33E85A}.Release|Any CPU.Build.0 = Release|Any CPU
		{2FBF9DEB-20A0-4A92-9674-1B34CE33E85A}.Release|ARM.ActiveCfg = Release|ARM
		{2FBF9DEB-20A0-4A92-9674-1B34CE33E85A}.Release|ARM.Build.0 = Release|ARM
		{2FBF9DEB-20A0-4A92-9674-1B34CE33E85A}.Release|ARM64.ActiveCfg = Release|ARM64
		{2FBF9DEB-20A0-4A92-9674-1B34CE33E85A}.Release|ARM64.Build.0 = Release|ARM64
		{2FBF9DEB-20A0-4A92-9674-1B34CE33E85A}.Release|x64.ActiveCfg = Release|x64
		{2FBF9DEB-20A0-4A92-9674-1B34CE33E85A}.Release|x64.Build.0 = Release|x64
		{2FBF9DEB-20A0-4A92-9674-1B34CE33E85A}.Release|x86.ActiveCfg = Release|x86
		{2FBF9DEB-20A0-4A92-9674-1B34CE33E85A}.Release|x86.Build.0 = Release|x86
	EndGlobalSection
	GlobalSection(SolutionProperties) = preSolution
		HideSolutionNode = FALSE
	EndGlobalSection
	GlobalSection(ExtensibilityGlobals) = postSolution
		SolutionGuid = {1B852DCF-AD69-4EFC-81BB-1D328C757A17}
	EndGlobalSection
EndGlobal
